
Microsoft Visual Studio Solution File, Format Version 12.00
# Visual Studio 15
VisualStudioVersion = 15.0.33026.149
MinimumVisualStudioVersion = 10.0.40219.1
Project("{FAE04EC0-301F-11D3-BF4B-00C04F79EFBC}") = "BaPaCalc", "BaPaCalc.csproj", "{EDBAB885-0791-46C6-9F8E-2D757D8836A2}"
EndProject
Global
	GlobalSection(SolutionConfigurationPlatforms) = preSolution
		Debug|Any CPU = Debug|Any CPU
		Release|Any CPU = Release|Any CPU
	EndGlobalSection
	GlobalSection(ProjectConfigurationPlatforms) = postSolution
		{EDBAB885-0791-46C6-9F8E-2D757D8836A2}.Debug|Any CPU.ActiveCfg = Debug|Any CPU
		{EDBAB885-0791-46C6-9F8E-2D757D8836A2}.Debug|Any CPU.Build.0 = Debug|Any CPU
		{EDBAB885-0791-46C6-9F8E-2D757D8836A2}.Release|Any CPU.ActiveCfg = Release|Any CPU
		{EDBAB885-0791-46C6-9F8E-2D757D8836A2}.Release|Any CPU.Build.0 = Release|Any CPU
	EndGlobalSection
	GlobalSection(SolutionProperties) = preSolution
		HideSolutionNode = FALSE
	EndGlobalSection
	GlobalSection(ExtensibilityGlobals) = postSolution
		SolutionGuid = {06BEE274-8358-4882-A5C2-294404B569C8}
	EndGlobalSection
EndGlobal
